
Microsoft Visual Studio Solution File, Format Version 12.00
# Visual Studio Version 16
VisualStudioVersion = 16.0.33130.400
MinimumVisualStudioVersion = 10.0.40219.1
Project("{FAE04EC0-301F-11D3-BF4B-00C04F79EFBC}") = "eCommerce.API", "eCommerce.API\eCommerce.API.csproj", "{9B87B52B-CB0C-405B-B4CC-7A32F2084F94}"
EndProject
Global
	GlobalSection(SolutionConfigurationPlatforms) = preSolution
		Debug|Any CPU = Debug|Any CPU
		Release|Any CPU = Release|Any CPU
	EndGlobalSection
	GlobalSection(ProjectConfigurationPlatforms) = postSolution
		{9B87B52B-CB0C-405B-B4CC-7A32F2084F94}.Debug|Any CPU.ActiveCfg = Debug|Any CPU
		{9B87B52B-CB0C-405B-B4CC-7A32F2084F94}.Debug|Any CPU.Build.0 = Debug|Any CPU
		{9B87B52B-CB0C-405B-B4CC-7A32F2084F94}.Release|Any CPU.ActiveCfg = Release|Any CPU
		{9B87B52B-CB0C-405B-B4CC-7A32F2084F94}.Release|Any CPU.Build.0 = Release|Any CPU
	EndGlobalSection
	GlobalSection(SolutionProperties) = preSolution
		HideSolutionNode = FALSE
	EndGlobalSection
	GlobalSection(ExtensibilityGlobals) = postSolution
		SolutionGuid = {3633BFC4-EFB8-4DFC-AB67-0F5CE19A9C76}
	EndGlobalSection
EndGlobal
